Microsoft Visual Studio Solution File, Format Version 12.00
# Visual Studio Version 17
VisualStudioVersion = 17.5.2.0
MinimumVisualStudioVersion = 10.0.40219.1
Project("{FAE04EC0-301F-11D3-BF4B-00C04F79EFBC}") = "ThesisBackend", "ThesisBackend.csproj", "{5244573B-926D-0B72-3117-E10340BBF8E3}"
EndProject
Global
	GlobalSection(SolutionConfigurationPlatforms) = preSolution
		Debug|Any CPU = Debug|Any CPU
		Release|Any CPU = Release|Any CPU
	EndGlobalSection
	GlobalSection(ProjectConfigurationPlatforms) = postSolution
		{5244573B-926D-0B72-3117-E10340BBF8E3}.Debug|Any CPU.ActiveCfg = Debug|Any CPU
		{5244573B-926D-0B72-3117-E10340BBF8E3}.Debug|Any CPU.Build.0 = Debug|Any CPU
		{5244573B-926D-0B72-3117-E10340BBF8E3}.Release|Any CPU.ActiveCfg = Release|Any CPU
		{5244573B-926D-0B72-3117-E10340BBF8E3}.Release|Any CPU.Build.0 = Release|Any CPU
	EndGlobalSection
	GlobalSection(SolutionProperties) = preSolution
		HideSolutionNode = FALSE
	EndGlobalSection
	GlobalSection(ExtensibilityGlobals) = postSolution
		SolutionGuid = {713DC3D1-80F7-418F-82B3-2A5B8A20FAC0}
	EndGlobalSection
EndGlobal
